lockVersion: 2.0.0
id: 07961597-3730-4940-9fd0-35eb4118eab3
management:
  docChecksum: 9102be60f6ef6f2f0e4fc3e1f0b5dde6
  docVersion: 1.0.0
  speakeasyVersion: 1.244.0
  generationVersion: 2.301.0
  releaseVersion: 0.48.0
  configChecksum: 54c2c85d14f01183f0c30e99c807bf74
  repoURL: https://github.com/airbytehq/airbyte-api-python-sdk.git
  repoSubDirectory: .
  installationURL: https://github.com/airbytehq/airbyte-api-python-sdk.git
  published: true
features:
  python:
    constsAndDefaults: 0.1.3
    core: 4.6.4
    globalServerURLs: 2.82.2
    methodServerURLs: 2.82.1
    responseFormat: 0.1.0
generatedFiles:
  - src/airbyte_api/sdkconfiguration.py
  - src/airbyte_api/root.py
  - src/airbyte_api/connections.py
  - src/airbyte_api/destinations.py
  - src/airbyte_api/health.py
  - src/airbyte_api/jobs.py
  - src/airbyte_api/oauth.py
  - src/airbyte_api/sources.py
  - src/airbyte_api/streams.py
  - src/airbyte_api/workspaces.py
  - src/airbyte_api/sdk.py
  - py.typed
  - pylintrc
  - setup.py
  - src/airbyte_api/__init__.py
  - src/airbyte_api/utils/__init__.py
  - src/airbyte_api/utils/retries.py
  - src/airbyte_api/utils/utils.py
  - src/airbyte_api/models/sdkerror.py
  - tests/helpers.py
  - src/airbyte_api/models/getdocumentationop.py
  - src/airbyte_api/models/createconnectionop.py
  - src/airbyte_api/models/connectionresponse.py
  - src/airbyte_api/models/connectionstatusenum.py
  - src/airbyte_api/models/connectionscheduleresponse.py
  - src/airbyte_api/models/scheduletypewithbasicenum.py
  - src/airbyte_api/models/nonbreakingschemaupdatesbehaviorenum.py
  - src/airbyte_api/models/namespacedefinitionenum.py
  - src/airbyte_api/models/geographyenum.py
  - src/airbyte_api/models/streamconfigurations.py
  - src/airbyte_api/models/streamconfiguration.py
  - src/airbyte_api/models/connectionsyncmodeenum.py
  - src/airbyte_api/models/connectioncreaterequest.py
  - src/airbyte_api/models/connectionschedule.py
  - src/airbyte_api/models/scheduletypeenum.py
  - src/airbyte_api/models/deleteconnectionop.py
  - src/airbyte_api/models/getconnectionop.py
  - src/airbyte_api/models/listconnectionsop.py
  - src/airbyte_api/models/connectionsresponse.py
  - src/airbyte_api/models/patchconnectionop.py
  - src/airbyte_api/models/connectionpatchrequest.py
  - src/airbyte_api/models/nonbreakingschemaupdatesbehaviorenumnodefault.py
  - src/airbyte_api/models/namespacedefinitionenumnodefault.py
  - src/airbyte_api/models/geographyenumnodefault.py
  - src/airbyte_api/models/createdestinationop.py
  - src/airbyte_api/models/destinationresponse.py
  - src/airbyte_api/models/destinationcreaterequest.py
  - src/airbyte_api/models/deletedestinationop.py
  - src/airbyte_api/models/getdestinationop.py
  - src/airbyte_api/models/listdestinationsop.py
  - src/airbyte_api/models/destinationsresponse.py
  - src/airbyte_api/models/patchdestinationop.py
  - src/airbyte_api/models/destinationpatchrequest.py
  - src/airbyte_api/models/putdestinationop.py
  - src/airbyte_api/models/destinationputrequest.py
  - src/airbyte_api/models/gethealthcheckop.py
  - src/airbyte_api/models/canceljobop.py
  - src/airbyte_api/models/jobresponse.py
  - src/airbyte_api/models/jobstatusenum.py
  - src/airbyte_api/models/jobtypeenum.py
  - src/airbyte_api/models/createjobop.py
  - src/airbyte_api/models/jobcreaterequest.py
  - src/airbyte_api/models/getjobop.py
  - src/airbyte_api/models/listjobsop.py
  - src/airbyte_api/models/jobsresponse.py
  - src/airbyte_api/models/oauthcallbackop.py
  - src/airbyte_api/models/createsourceop.py
  - src/airbyte_api/models/sourceresponse.py
  - src/airbyte_api/models/sourcecreaterequest.py
  - src/airbyte_api/models/deletesourceop.py
  - src/airbyte_api/models/getsourceop.py
  - src/airbyte_api/models/initiateoauthop.py
  - src/airbyte_api/models/initiateoauthrequest.py
  - src/airbyte_api/models/oauthinputconfiguration.py
  - src/airbyte_api/models/listsourcesop.py
  - src/airbyte_api/models/sourcesresponse.py
  - src/airbyte_api/models/patchsourceop.py
  - src/airbyte_api/models/sourcepatchrequest.py
  - src/airbyte_api/models/putsourceop.py
  - src/airbyte_api/models/sourceputrequest.py
  - src/airbyte_api/models/getstreampropertiesop.py
  - src/airbyte_api/models/streampropertiesresponse.py
  - src/airbyte_api/models/streamproperties.py
  - src/airbyte_api/models/createorupdateworkspaceoauthcredentialsop.py
  - src/airbyte_api/models/workspaceoauthcredentialsrequest.py
  - src/airbyte_api/models/oauthcredentialsconfiguration.py
  - src/airbyte_api/models/actortypeenum.py
  - src/airbyte_api/models/createworkspaceop.py
  - src/airbyte_api/models/workspaceresponse.py
  - src/airbyte_api/models/workspacecreaterequest.py
  - src/airbyte_api/models/deleteworkspaceop.py
  - src/airbyte_api/models/getworkspaceop.py
  - src/airbyte_api/models/listworkspacesop.py
  - src/airbyte_api/models/workspacesresponse.py
  - src/airbyte_api/models/updateworkspaceop.py
  - src/airbyte_api/models/workspaceupdaterequest.py
  - src/airbyte_api/models/__init__.py
  - docs/models/getdocumentationresponse.md
  - docs/models/createconnectionresponse.md
  - docs/models/connectionresponse.md
  - docs/models/connectionstatusenum.md
  - docs/models/connectionscheduleresponse.md
  - docs/models/scheduletypewithbasicenum.md
  - docs/models/nonbreakingschemaupdatesbehaviorenum.md
  - docs/models/namespacedefinitionenum.md
  - docs/models/geographyenum.md
  - docs/models/streamconfigurations.md
  - docs/models/streamconfiguration.md
  - docs/models/connectionsyncmodeenum.md
  - docs/models/connectioncreaterequest.md
  - docs/models/connectionschedule.md
  - docs/models/scheduletypeenum.md
  - docs/models/deleteconnectionrequest.md
  - docs/models/deleteconnectionresponse.md
  - docs/models/getconnectionrequest.md
  - docs/models/getconnectionresponse.md
  - docs/models/listconnectionsrequest.md
  - docs/models/listconnectionsresponse.md
  - docs/models/connectionsresponse.md
  - docs/models/patchconnectionrequest.md
  - docs/models/patchconnectionresponse.md
  - docs/models/connectionpatchrequest.md
  - docs/models/nonbreakingschemaupdatesbehaviorenumnodefault.md
  - docs/models/namespacedefinitionenumnodefault.md
  - docs/models/geographyenumnodefault.md
  - docs/models/createdestinationresponse.md
  - docs/models/destinationresponse.md
  - docs/models/destinationcreaterequest.md
  - docs/models/deletedestinationrequest.md
  - docs/models/deletedestinationresponse.md
  - docs/models/getdestinationrequest.md
  - docs/models/getdestinationresponse.md
  - docs/models/listdestinationsrequest.md
  - docs/models/listdestinationsresponse.md
  - docs/models/destinationsresponse.md
  - docs/models/patchdestinationrequest.md
  - docs/models/patchdestinationresponse.md
  - docs/models/destinationpatchrequest.md
  - docs/models/putdestinationrequest.md
  - docs/models/putdestinationresponse.md
  - docs/models/destinationputrequest.md
  - docs/models/gethealthcheckresponse.md
  - docs/models/canceljobrequest.md
  - docs/models/canceljobresponse.md
  - docs/models/jobresponse.md
  - docs/models/jobstatusenum.md
  - docs/models/jobtypeenum.md
  - docs/models/createjobresponse.md
  - docs/models/jobcreaterequest.md
  - docs/models/getjobrequest.md
  - docs/models/getjobresponse.md
  - docs/models/listjobsrequest.md
  - docs/models/listjobsresponse.md
  - docs/models/jobsresponse.md
  - docs/models/oauthcallbackrequest.md
  - docs/models/oauthcallbackresponse.md
  - docs/models/createsourceresponse.md
  - docs/models/sourceresponse.md
  - docs/models/sourcecreaterequest.md
  - docs/models/deletesourcerequest.md
  - docs/models/deletesourceresponse.md
  - docs/models/getsourcerequest.md
  - docs/models/getsourceresponse.md
  - docs/models/initiateoauthresponse.md
  - docs/models/initiateoauthrequest.md
  - docs/models/oauthinputconfiguration.md
  - docs/models/listsourcesrequest.md
  - docs/models/listsourcesresponse.md
  - docs/models/sourcesresponse.md
  - docs/models/patchsourcerequest.md
  - docs/models/patchsourceresponse.md
  - docs/models/sourcepatchrequest.md
  - docs/models/putsourcerequest.md
  - docs/models/putsourceresponse.md
  - docs/models/sourceputrequest.md
  - docs/models/getstreampropertiesrequest.md
  - docs/models/getstreampropertiesresponse.md
  - docs/models/streampropertiesresponse.md
  - docs/models/streamproperties.md
  - docs/models/createorupdateworkspaceoauthcredentialsrequest.md
  - docs/models/createorupdateworkspaceoauthcredentialsresponse.md
  - docs/models/workspaceoauthcredentialsrequest.md
  - docs/models/oauthcredentialsconfiguration.md
  - docs/models/actortypeenum.md
  - docs/models/createworkspaceresponse.md
  - docs/models/workspaceresponse.md
  - docs/models/workspacecreaterequest.md
  - docs/models/deleteworkspacerequest.md
  - docs/models/deleteworkspaceresponse.md
  - docs/models/getworkspacerequest.md
  - docs/models/getworkspaceresponse.md
  - docs/models/listworkspacesrequest.md
  - docs/models/listworkspacesresponse.md
  - docs/models/workspacesresponse.md
  - docs/models/updateworkspacerequest.md
  - docs/models/updateworkspaceresponse.md
  - docs/models/workspaceupdaterequest.md
  - docs/sdks/airbyteapi/README.md
  - docs/sdks/root/README.md
  - docs/sdks/connections/README.md
  - docs/sdks/destinations/README.md
  - docs/sdks/health/README.md
  - docs/sdks/jobs/README.md
  - docs/sdks/oauth/README.md
  - docs/sdks/sources/README.md
  - docs/sdks/streams/README.md
  - docs/sdks/workspaces/README.md
  - USAGE.md
  - .gitattributes
  - src/airbyte_api/_hooks/sdkhooks.py
  - src/airbyte_api/_hooks/types.py
  - src/airbyte_api/_hooks/__init__.py
