speakeasyVersion: 1.459.2
sources:
    my-source:
        sourceNamespace: my-source
        sourceRevisionDigest: sha256:e05e3afa7d98129ba4abbe4b261ce9b7347e9f8a976ca37f297c1f4b31bbc1dc
        sourceBlobDigest: sha256:986e0a204bd4d6b411c07dbccc22df6b14844a5ce43aabe0d640fe9ef7446e52
        tags:
            - latest
            - speakeasy-sdk-regen-1733962750
            - 1.0.0
targets:
    python-api:
        source: my-source
        sourceNamespace: my-source
        sourceRevisionDigest: sha256:e05e3afa7d98129ba4abbe4b261ce9b7347e9f8a976ca37f297c1f4b31bbc1dc
        sourceBlobDigest: sha256:986e0a204bd4d6b411c07dbccc22df6b14844a5ce43aabe0d640fe9ef7446e52
        codeSamplesNamespace: my-source-python-code-samples
        codeSamplesRevisionDigest: sha256:9a60cc197cb0df6c7532a4885f0cdb03aa47e2cfc4f74586292824f3679a5d3f
workflow:
    workflowVersion: 1.0.0
    speakeasyVersion: latest
    sources:
        my-source:
            inputs:
                - location: https://raw.githubusercontent.com/airbytehq/airbyte-platform/refs/heads/main/airbyte-api/server-api/src/main/openapi/api_sdk.yaml
            registry:
                location: registry.speakeasyapi.dev/airbyte/airbyte-prod/my-source
    targets:
        python-api:
            target: python
            source: my-source
            publish:
                pypi:
                    token: $PYPI_TOKEN
            codeSamples:
                registry:
                    location: registry.speakeasyapi.dev/airbyte/airbyte-prod/my-source-python-code-samples
                blocking: false
