speakeasyVersion: 1.508.0
sources:
    my-source:
        sourceNamespace: my-source
        sourceRevisionDigest: sha256:7fc198215a00b1eb78646033469865cdcc96e7f7efcae7516bac13928b83771e
        sourceBlobDigest: sha256:d79b3ba948a1369f434fba7782fda6d93f5df12fe758adc107206aa3a53cc0c2
        tags:
            - latest
            - speakeasy-sdk-regen-1761870041
            - 1.0.0
targets:
    python-api:
        source: my-source
        sourceNamespace: my-source
        sourceRevisionDigest: sha256:7fc198215a00b1eb78646033469865cdcc96e7f7efcae7516bac13928b83771e
        sourceBlobDigest: sha256:d79b3ba948a1369f434fba7782fda6d93f5df12fe758adc107206aa3a53cc0c2
        codeSamplesNamespace: my-source-python-code-samples
        codeSamplesRevisionDigest: sha256:bb361b2115bd2553d3c6f399dd213eb86ad0cb09bc12f05d3db152c89b6a93f8
workflow:
    workflowVersion: 1.0.0
    speakeasyVersion: 1.508.0
    sources:
        my-source:
            inputs:
                - location: https://raw.githubusercontent.com/airbytehq/airbyte-platform/refs/heads/main/airbyte-api/server-api/src/main/openapi/api_sdk.yaml
            registry:
                location: registry.speakeasyapi.dev/airbyte/airbyte-prod/my-source
    targets:
        python-api:
            target: python
            source: my-source
            publish:
                pypi:
                    token: $PYPI_TOKEN
            codeSamples:
                registry:
                    location: registry.speakeasyapi.dev/airbyte/airbyte-prod/my-source-python-code-samples
                blocking: false
