speakeasyVersion: 1.291.0
sources:
    my-source:
        sourceNamespace: my-source
        sourceRevisionDigest: sha256:815e87000d947fb5b9e40d9c548c1172ea6fdf12d93fca9f04e78074753d0c76
        sourceBlobDigest: sha256:3afb05187c88ef1e6d5a664247d2f4e41b4eb638ddacbce44599e4314d2854b9
        tags:
            - latest
            - main
targets:
    python-api:
        source: my-source
        sourceNamespace: my-source
        sourceRevisionDigest: sha256:815e87000d947fb5b9e40d9c548c1172ea6fdf12d93fca9f04e78074753d0c76
        sourceBlobDigest: sha256:3afb05187c88ef1e6d5a664247d2f4e41b4eb638ddacbce44599e4314d2854b9
        outLocation: /github/workspace/repo
workflow:
    workflowVersion: 1.0.0
    speakeasyVersion: latest
    sources:
        my-source:
            inputs:
                - location: ./airbyte-api.openapi.yaml
            registry:
                location: registry.speakeasyapi.dev/airbyte/airbyte-prod/my-source
    targets:
        python-api:
            target: python
            source: my-source
            publish:
                pypi:
                    token: $PYPI_TOKEN
